
Microsoft Visual Studio Solution File, Format Version 12.00
# Visual Studio Version 17
VisualStudioVersion = 17.5.33502.453
MinimumVisualStudioVersion = 10.0.40219.1
Project("{FAE04EC0-301F-11D3-BF4B-00C04F79EFBC}") = "Click_Cart", "Click_Cart\Click_Cart.csproj", "{AA5597CE-05F5-4E83-99AF-F1E24849AE58}"
EndProject
Project("{FAE04EC0-301F-11D3-BF4B-00C04F79EFBC}") = "BLL", "BLL\BLL.csproj", "{981A780B-E5E7-44D1-9B49-606639A95311}"
EndProject
Project("{FAE04EC0-301F-11D3-BF4B-00C04F79EFBC}") = "DAL", "DAL\DAL.csproj", "{02FF7401-70FA-440B-AD55-6254AF6BD216}"
EndProject
Global
	GlobalSection(SolutionConfigurationPlatforms) = preSolution
		Debug|Any CPU = Debug|Any CPU
		Release|Any CPU = Release|Any CPU
	EndGlobalSection
	GlobalSection(ProjectConfigurationPlatforms) = postSolution
		{AA5597CE-05F5-4E83-99AF-F1E24849AE58}.Debug|Any CPU.ActiveCfg = Debug|Any CPU
		{AA5597CE-05F5-4E83-99AF-F1E24849AE58}.Debug|Any CPU.Build.0 = Debug|Any CPU
		{AA5597CE-05F5-4E83-99AF-F1E24849AE58}.Release|Any CPU.ActiveCfg = Release|Any CPU
		{AA5597CE-05F5-4E83-99AF-F1E24849AE58}.Release|Any CPU.Build.0 = Release|Any CPU
		{981A780B-E5E7-44D1-9B49-606639A95311}.Debug|Any CPU.ActiveCfg = Debug|Any CPU
		{981A780B-E5E7-44D1-9B49-606639A95311}.Debug|Any CPU.Build.0 = Debug|Any CPU
		{981A780B-E5E7-44D1-9B49-606639A95311}.Release|Any CPU.ActiveCfg = Release|Any CPU
		{981A780B-E5E7-44D1-9B49-606639A95311}.Release|Any CPU.Build.0 = Release|Any CPU
		{02FF7401-70FA-440B-AD55-6254AF6BD216}.Debug|Any CPU.ActiveCfg = Debug|Any CPU
		{02FF7401-70FA-440B-AD55-6254AF6BD216}.Debug|Any CPU.Build.0 = Debug|Any CPU
		{02FF7401-70FA-440B-AD55-6254AF6BD216}.Release|Any CPU.ActiveCfg = Release|Any CPU
		{02FF7401-70FA-440B-AD55-6254AF6BD216}.Release|Any CPU.Build.0 = Release|Any CPU
	EndGlobalSection
	GlobalSection(SolutionProperties) = preSolution
		HideSolutionNode = FALSE
	EndGlobalSection
	GlobalSection(ExtensibilityGlobals) = postSolution
		SolutionGuid = {0A457EE9-5237-4ACB-BAB6-EAF91283290D}
	EndGlobalSection
EndGlobal
